
Microsoft Visual Studio Solution File, Format Version 12.00
# Visual Studio Version 17
VisualStudioVersion = 17.9.34714.143
MinimumVisualStudioVersion = 10.0.40219.1
Project("{FAE04EC0-301F-11D3-BF4B-00C04F79EFBC}") = "ATTT", "ATTT\ATTT.csproj", "{FDCB90CA-EEBB-461B-B65C-43F6E29BEF68}"
EndProject
Global
	GlobalSection(SolutionConfigurationPlatforms) = preSolution
		Debug|Any CPU = Debug|Any CPU
		Release|Any CPU = Release|Any CPU
	EndGlobalSection
	GlobalSection(ProjectConfigurationPlatforms) = postSolution
		{FDCB90CA-EEBB-461B-B65C-43F6E29BEF68}.Debug|Any CPU.ActiveCfg = Debug|Any CPU
		{FDCB90CA-EEBB-461B-B65C-43F6E29BEF68}.Debug|Any CPU.Build.0 = Debug|Any CPU
		{FDCB90CA-EEBB-461B-B65C-43F6E29BEF68}.Release|Any CPU.ActiveCfg = Release|Any CPU
		{FDCB90CA-EEBB-461B-B65C-43F6E29BEF68}.Release|Any CPU.Build.0 = Release|Any CPU
	EndGlobalSection
	GlobalSection(SolutionProperties) = preSolution
		HideSolutionNode = FALSE
	EndGlobalSection
	GlobalSection(ExtensibilityGlobals) = postSolution
		SolutionGuid = {5928AAE3-4993-46C4-A2E3-84C48FF6DB5A}
	EndGlobalSection
EndGlobal
